
Microsoft Visual Studio Solution File, Format Version 12.00
# Visual Studio Version 16
VisualStudioVersion = 16.0.31424.327
MinimumVisualStudioVersion = 10.0.40219.1
Project("{FAE04EC0-301F-11D3-BF4B-00C04F79EFBC}") = "webApplicationFTI", "webApplicationFTI\webApplicationFTI.csproj", "{59A6F9F6-D62A-48B1-9E89-B84D915F31AD}"
EndProject
Global
	GlobalSection(SolutionConfigurationPlatforms) = preSolution
		Debug|Any CPU = Debug|Any CPU
		Release|Any CPU = Release|Any CPU
	EndGlobalSection
	GlobalSection(ProjectConfigurationPlatforms) = postSolution
		{59A6F9F6-D62A-48B1-9E89-B84D915F31AD}.Debug|Any CPU.ActiveCfg = Debug|Any CPU
		{59A6F9F6-D62A-48B1-9E89-B84D915F31AD}.Debug|Any CPU.Build.0 = Debug|Any CPU
		{59A6F9F6-D62A-48B1-9E89-B84D915F31AD}.Release|Any CPU.ActiveCfg = Release|Any CPU
		{59A6F9F6-D62A-48B1-9E89-B84D915F31AD}.Release|Any CPU.Build.0 = Release|Any CPU
	EndGlobalSection
	GlobalSection(SolutionProperties) = preSolution
		HideSolutionNode = FALSE
	EndGlobalSection
	GlobalSection(ExtensibilityGlobals) = postSolution
		SolutionGuid = {3B374B37-9CDC-43D2-A380-9B78DB9732B5}
	EndGlobalSection
EndGlobal
